
Microsoft Visual Studio Solution File, Format Version 12.00
# Visual Studio Version 17
VisualStudioVersion = 17.4.33103.184
MinimumVisualStudioVersion = 10.0.40219.1
Project("{FAE04EC0-301F-11D3-BF4B-00C04F79EFBC}") = "AirportManager", "AirportManager\AirportManager.csproj", "{1D5C4D39-915A-4AB5-9ACA-2AAC542C6E7C}"
EndProject
Global
	GlobalSection(SolutionConfigurationPlatforms) = preSolution
		Debug|Any CPU = Debug|Any CPU
		Release|Any CPU = Release|Any CPU
	EndGlobalSection
	GlobalSection(ProjectConfigurationPlatforms) = postSolution
		{1D5C4D39-915A-4AB5-9ACA-2AAC542C6E7C}.Debug|Any CPU.ActiveCfg = Debug|Any CPU
		{1D5C4D39-915A-4AB5-9ACA-2AAC542C6E7C}.Debug|Any CPU.Build.0 = Debug|Any CPU
		{1D5C4D39-915A-4AB5-9ACA-2AAC542C6E7C}.Release|Any CPU.ActiveCfg = Release|Any CPU
		{1D5C4D39-915A-4AB5-9ACA-2AAC542C6E7C}.Release|Any CPU.Build.0 = Release|Any CPU
	EndGlobalSection
	GlobalSection(SolutionProperties) = preSolution
		HideSolutionNode = FALSE
	EndGlobalSection
	GlobalSection(ExtensibilityGlobals) = postSolution
		SolutionGuid = {6472D19B-F48F-4C27-AFD6-CF875B7B43F6}
	EndGlobalSection
EndGlobal
